
Microsoft Visual Studio Solution File, Format Version 12.00
# Visual Studio Version 16
VisualStudioVersion = 16.0.30309.148
MinimumVisualStudioVersion = 10.0.40219.1
Project("{8BC9CEB8-8B4A-11D0-8D11-00A0C91BC942}") = "Assignment_3_244", "Assignment_3_244\Assignment_3_244.vcxproj", "{DF06DD9B-C36A-49F2-971B-D59B1CFE3C58}"
EndProject
Global
	GlobalSection(SolutionConfigurationPlatforms) = preSolution
		Debug|x64 = Debug|x64
		Debug|x86 = Debug|x86
		Release|x64 = Release|x64
		Release|x86 = Release|x86
	EndGlobalSection
	GlobalSection(ProjectConfigurationPlatforms) = postSolution
		{DF06DD9B-C36A-49F2-971B-D59B1CFE3C58}.Debug|x64.ActiveCfg = Debug|x64
		{DF06DD9B-C36A-49F2-971B-D59B1CFE3C58}.Debug|x64.Build.0 = Debug|x64
		{DF06DD9B-C36A-49F2-971B-D59B1CFE3C58}.Debug|x86.ActiveCfg = Debug|Win32
		{DF06DD9B-C36A-49F2-971B-D59B1CFE3C58}.Debug|x86.Build.0 = Debug|Win32
		{DF06DD9B-C36A-49F2-971B-D59B1CFE3C58}.Release|x64.ActiveCfg = Release|x64
		{DF06DD9B-C36A-49F2-971B-D59B1CFE3C58}.Release|x64.Build.0 = Release|x64
		{DF06DD9B-C36A-49F2-971B-D59B1CFE3C58}.Release|x86.ActiveCfg = Release|Win32
		{DF06DD9B-C36A-49F2-971B-D59B1CFE3C58}.Release|x86.Build.0 = Release|Win32
	EndGlobalSection
	GlobalSection(SolutionProperties) = preSolution
		HideSolutionNode = FALSE
	EndGlobalSection
	GlobalSection(ExtensibilityGlobals) = postSolution
		SolutionGuid = {45C15B3C-C676-482E-A2A5-48A4C97C9013}
	EndGlobalSection
EndGlobal
